{
	"name": "raker",
	"version": "1.0.0",
	"lockfileVersion": 3,
	"requires": true,
	"packages": {
		"": {
			"name": "raker",
			"hasInstallScript": true,
			"dependencies": {
				"htmx.org": "^1.9.11"
			}
		},
		"node_modules/htmx.org": {
			"version": "1.9.11",
			"resolved": "https://registry.npmjs.org/htmx.org/-/htmx.org-1.9.11.tgz",
			"integrity": "sha512-WlVuICn8dfNOOgYmdYzYG8zSnP3++AdHkMHooQAzGZObWpVXYathpz/I37ycF4zikR6YduzfCvEcxk20JkIUsw=="
		}
	}
}
